<?xml version="1.0" encoding="utf-8"?>
<Project ToolsVersion="4.0" xmlns="http://schemas.microsoft.com/developer/msbuild/2003">
  <ItemGroup>
    <Filter Include="Source Files">
      <UniqueIdentifier>{4FC737F1-C7A5-4376-A066-2A32D752A2FF}</UniqueIdentifier>
      <Extensions>cpp;c;cc;cxx;c++;cppm;ixx;def;odl;idl;hpj;bat;asm;asmx</Extensions>
    </Filter>
    <Filter Include="Header Files">
      <UniqueIdentifier>{93995380-89BD-4b04-88EB-625FBE52EBFB}</UniqueIdentifier>
      <Extensions>h;hh;hpp;hxx;h++;hm;inl;inc;ipp;xsd</Extensions>
    </Filter>
    <Filter Include="Resource Files">
      <UniqueIdentifier>{67DA6AB6-F800-4c08-8B7A-83BB121AAD01}</UniqueIdentifier>
      <Extensions>rc;ico;cur;bmp;dlg;rc2;rct;bin;rgs;gif;jpg;jpeg;jpe;resx;tiff;tif;png;wav;mfcribbon-ms</Extensions>
    </Filter>
  </ItemGroup>
  <ItemGroup>
    <ClCompile Include="main.cpp">
      <Filter>Source Files</Filter>
    </ClCompile>
    <ClCompile Include="Engine\WindowsManager\W2Window.cpp">
      <Filter>Source Files</Filter>
    </ClCompile>
    <ClCompile Include="Engine\ExceptionManager\W2Exception.cpp">
      <Filter>Source Files</Filter>
    </ClCompile>
    <ClCompile Include="Engine\WindowsManager\Components\W2Keyboard.cpp">
      <Filter>Source Files</Filter>
    </ClCompile>
    <ClCompile Include="Engine\WindowsManager\Components\W2Mouse.cpp">
      <Filter>Source Files</Filter>
    </ClCompile>
    <ClCompile Include="Application\TestApplication.cpp">
      <Filter>Source Files</Filter>
    </ClCompile>
    <ClCompile Include="Utils\W2Timer.cpp">
      <Filter>Source Files</Filter>
    </ClCompile>
    <ClCompile Include="Engine\RenderManager\W2RenderAPI.cpp">
      <Filter>Source Files</Filter>
    </ClCompile>
    <ClCompile Include="Engine\ExceptionManager\dxerr.cpp">
      <Filter>Source Files</Filter>
    </ClCompile>
    <ClCompile Include="Engine\ExceptionManager\DxgiInfoManager.cpp">
      <Filter>Source Files</Filter>
    </ClCompile>
    <ClCompile Include="Engine\EngineManager\WitchyEngine.cpp">
      <Filter>Source Files</Filter>
    </ClCompile>
    <ClCompile Include="Engine\RenderManager\Components\Bindable.cpp">
      <Filter>Source Files</Filter>
    </ClCompile>
    <ClCompile Include="Engine\RenderManager\Components\IndexBuffer.cpp">
      <Filter>Source Files</Filter>
    </ClCompile>
    <ClCompile Include="Engine\RenderManager\Components\InputLayout.cpp">
      <Filter>Source Files</Filter>
    </ClCompile>
    <ClCompile Include="Engine\RenderManager\Components\PixelShader.cpp">
      <Filter>Source Files</Filter>
    </ClCompile>
    <ClCompile Include="Engine\RenderManager\Components\Topology.cpp">
      <Filter>Source Files</Filter>
    </ClCompile>
    <ClCompile Include="Engine\RenderManager\Components\VertexBuffer.cpp">
      <Filter>Source Files</Filter>
    </ClCompile>
    <ClCompile Include="Engine\RenderManager\Components\VertexShader.cpp">
      <Filter>Source Files</Filter>
    </ClCompile>
    <ClCompile Include="Engine\RenderManager\Components\Transforms.cpp">
      <Filter>Source Files</Filter>
    </ClCompile>
    <ClCompile Include="Engine\RenderManager\Object\Drawable.cpp">
      <Filter>Source Files</Filter>
    </ClCompile>
    <ClCompile Include="Contents\Shape\Box.cpp">
      <Filter>Source Files</Filter>
    </ClCompile>
    <ClCompile Include="Contents\Shape\ShapePyramid.cpp">
      <Filter>Source Files</Filter>
    </ClCompile>
    <ClCompile Include="Utils\DDSTextureLoader.cpp">
      <Filter>Source Files</Filter>
    </ClCompile>
    <ClCompile Include="Engine\RenderManager\Components\SurfaceTexture.cpp">
      <Filter>Source Files</Filter>
    </ClCompile>
    <ClCompile Include="Externals\ImuGui\imgui.cpp">
      <Filter>Source Files</Filter>
    </ClCompile>
    <ClCompile Include="Externals\ImuGui\imgui_demo.cpp">
      <Filter>Source Files</Filter>
    </ClCompile>
    <ClCompile Include="Externals\ImuGui\imgui_draw.cpp">
      <Filter>Source Files</Filter>
    </ClCompile>
    <ClCompile Include="Externals\ImuGui\imgui_impl_dx11.cpp">
      <Filter>Source Files</Filter>
    </ClCompile>
    <ClCompile Include="Externals\ImuGui\imgui_impl_win32.cpp">
      <Filter>Source Files</Filter>
    </ClCompile>
    <ClCompile Include="Externals\ImuGui\imgui_widgets.cpp">
      <Filter>Source Files</Filter>
    </ClCompile>
  </ItemGroup>
  <ItemGroup>
    <ClInclude Include="Engine\WindowsManager\W2Window.h">
      <Filter>Header Files</Filter>
    </ClInclude>
    <ClInclude Include="Engine\ExceptionManager\W2Exception.h">
      <Filter>Header Files</Filter>
    </ClInclude>
    <ClInclude Include="resource.h">
      <Filter>Header Files</Filter>
    </ClInclude>
    <ClInclude Include="Engine\WindowsManager\Components\W2Keyboard.h">
      <Filter>Header Files</Filter>
    </ClInclude>
    <ClInclude Include="Engine\WindowsManager\Components\W2Mouse.h">
      <Filter>Header Files</Filter>
    </ClInclude>
    <ClInclude Include="Application\TestApplication.h">
      <Filter>Header Files</Filter>
    </ClInclude>
    <ClInclude Include="Utils\W2Timer.h">
      <Filter>Header Files</Filter>
    </ClInclude>
    <ClInclude Include="Engine\RenderManager\W2RenderAPI.h">
      <Filter>Header Files</Filter>
    </ClInclude>
    <ClInclude Include="Engine\ExceptionManager\dxerr.h">
      <Filter>Header Files</Filter>
    </ClInclude>
    <ClInclude Include="Engine\ExceptionManager\DxgiInfoManager.h">
      <Filter>Header Files</Filter>
    </ClInclude>
    <ClInclude Include="Engine\EngineManager\WitchyEngine.h">
      <Filter>Header Files</Filter>
    </ClInclude>
    <ClInclude Include="Engine\ExceptionManager\RenderAPIMacros.h">
      <Filter>Header Files</Filter>
    </ClInclude>
    <ClInclude Include="Engine\RenderManager\Components\Bindable.h">
      <Filter>Header Files</Filter>
    </ClInclude>
    <ClInclude Include="Engine\RenderManager\Components\ConstantBuffers.h">
      <Filter>Header Files</Filter>
    </ClInclude>
    <ClInclude Include="Engine\RenderManager\Components\IndexBuffer.h">
      <Filter>Header Files</Filter>
    </ClInclude>
    <ClInclude Include="Engine\RenderManager\Components\InputLayout.h">
      <Filter>Header Files</Filter>
    </ClInclude>
    <ClInclude Include="Engine\RenderManager\Components\PixelShader.h">
      <Filter>Header Files</Filter>
    </ClInclude>
    <ClInclude Include="Engine\RenderManager\Components\Topology.h">
      <Filter>Header Files</Filter>
    </ClInclude>
    <ClInclude Include="Engine\RenderManager\Components\VertexBuffer.h">
      <Filter>Header Files</Filter>
    </ClInclude>
    <ClInclude Include="Engine\RenderManager\Components\VertexShader.h">
      <Filter>Header Files</Filter>
    </ClInclude>
    <ClInclude Include="Engine\RenderManager\Components\Transforms.h">
      <Filter>Header Files</Filter>
    </ClInclude>
    <ClInclude Include="Engine\RenderManager\Object\Drawable.h">
      <Filter>Header Files</Filter>
    </ClInclude>
    <ClInclude Include="Engine\RenderManager\RenderInterface.h">
      <Filter>Header Files</Filter>
    </ClInclude>
    <ClInclude Include="Contents\Shape\Box.h">
      <Filter>Header Files</Filter>
    </ClInclude>
    <ClInclude Include="Engine\RenderManager\Object\WObject.h">
      <Filter>Header Files</Filter>
    </ClInclude>
    <ClInclude Include="Contents\Primitives\PrimitiveTriangle.h">
      <Filter>Header Files</Filter>
    </ClInclude>
    <ClInclude Include="Utils\MathLib.h">
      <Filter>Header Files</Filter>
    </ClInclude>
    <ClInclude Include="Contents\Primitives\PrimitiveCone.h">
      <Filter>Header Files</Filter>
    </ClInclude>
    <ClInclude Include="Contents\Primitives\PrimitiveCube.h">
      <Filter>Header Files</Filter>
    </ClInclude>
    <ClInclude Include="Contents\Primitives\PrimitivePlane.h">
      <Filter>Header Files</Filter>
    </ClInclude>
    <ClInclude Include="Contents\Primitives\PrimitivePrism.h">
      <Filter>Header Files</Filter>
    </ClInclude>
    <ClInclude Include="Contents\Primitives\PrimitiveSphere.h">
      <Filter>Header Files</Filter>
    </ClInclude>
    <ClInclude Include="Contents\Shape\ShapePyramid.h">
      <Filter>Header Files</Filter>
    </ClInclude>
    <ClInclude Include="Utils\DDSTextureLoader.h">
      <Filter>Header Files</Filter>
    </ClInclude>
    <ClInclude Include="Engine\RenderManager\Components\SurfaceTexture.h">
      <Filter>Header Files</Filter>
    </ClInclude>
    <ClInclude Include="Externals\ImuGui\imconfig.h">
      <Filter>Header Files</Filter>
    </ClInclude>
    <ClInclude Include="Externals\ImuGui\imgui.h">
      <Filter>Header Files</Filter>
    </ClInclude>
    <ClInclude Include="Externals\ImuGui\imgui_impl_dx11.h">
      <Filter>Header Files</Filter>
    </ClInclude>
    <ClInclude Include="Externals\ImuGui\imgui_impl_win32.h">
      <Filter>Header Files</Filter>
    </ClInclude>
    <ClInclude Include="Externals\ImuGui\imgui_internal.h">
      <Filter>Header Files</Filter>
    </ClInclude>
    <ClInclude Include="Externals\ImuGui\imstb_rectpack.h">
      <Filter>Header Files</Filter>
    </ClInclude>
    <ClInclude Include="Externals\ImuGui\imstb_textedit.h">
      <Filter>Header Files</Filter>
    </ClInclude>
    <ClInclude Include="Externals\ImuGui\imstb_truetype.h">
      <Filter>Header Files</Filter>
    </ClInclude>
  </ItemGroup>
  <ItemGroup>
    <ResourceCompile Include="Witchy2GameEngine.rc">
      <Filter>Resource Files</Filter>
    </ResourceCompile>
  </ItemGroup>
  <ItemGroup>
    <Image Include="Contents\Icons\TitleIcon.ico">
      <Filter>Resource Files</Filter>
    </Image>
  </ItemGroup>
  <ItemGroup>
    <None Include="Contents\Cursors\Cursor_1.cur">
      <Filter>Resource Files</Filter>
    </None>
    <None Include="Engine\ExceptionManager\DXGetErrorDescription.inl">
      <Filter>Header Files</Filter>
    </None>
    <None Include="Engine\ExceptionManager\DXGetErrorString.inl">
      <Filter>Header Files</Filter>
    </None>
    <None Include="Engine\ExceptionManager\DXTrace.inl">
      <Filter>Header Files</Filter>
    </None>
    <None Include="Shaders\Compiled\VertexShader.cso" />
    <None Include="Shaders\Compiled\PixelShader.cso" />
    <None Include="Shaders\Compiled\PSBlend.cso" />
    <None Include="Shaders\Compiled\VSBlend.cso" />
  </ItemGroup>
  <ItemGroup>
    <FxCompile Include="Shaders\Code\TestShaders\VertexShader.hlsl" />
    <FxCompile Include="Shaders\Code\TestShaders\PixelShader.hlsl" />
    <FxCompile Include="Shaders\Code\TestShaders\VSBlend.hlsl" />
    <FxCompile Include="Shaders\Code\TestShaders\PSBlend.hlsl" />
    <FxCompile Include="Shaders\Code\TestShaders\TestTextureVS.hlsl" />
    <FxCompile Include="Shaders\Code\TestShaders\TestTexturePS.hlsl" />
  </ItemGroup>
</Project>